
Microsoft Visual Studio Solution File, Format Version 12.00
# Visual Studio 14
VisualStudioVersion = 14.0.25420.1
MinimumVisualStudioVersion = 10.0.40219.1
Project("{FAE04EC0-301F-11D3-BF4B-00C04F79EFBC}") = "WPFUI", "WPFUI\WPFUI.csproj", "{1FA11018-A9E6-44BD-946E-E2E3E2573B30}"
EndProject
Project("{FAE04EC0-301F-11D3-BF4B-00C04F79EFBC}") = "Engine", "Engine\Engine.csproj", "{DD3E6F32-CA9C-4E54-BEC0-B86127C34023}"
EndProject
Global
	GlobalSection(SolutionConfigurationPlatforms) = preSolution
		Debug|Any CPU = Debug|Any CPU
		Release|Any CPU = Release|Any CPU
	EndGlobalSection
	GlobalSection(ProjectConfigurationPlatforms) = postSolution
		{1FA11018-A9E6-44BD-946E-E2E3E2573B30}.Debug|Any CPU.ActiveCfg = Debug|Any CPU
		{1FA11018-A9E6-44BD-946E-E2E3E2573B30}.Debug|Any CPU.Build.0 = Debug|Any CPU
		{1FA11018-A9E6-44BD-946E-E2E3E2573B30}.Release|Any CPU.ActiveCfg = Release|Any CPU
		{1FA11018-A9E6-44BD-946E-E2E3E2573B30}.Release|Any CPU.Build.0 = Release|Any CPU
		{DD3E6F32-CA9C-4E54-BEC0-B86127C34023}.Debug|Any CPU.ActiveCfg = Debug|Any CPU
		{DD3E6F32-CA9C-4E54-BEC0-B86127C34023}.Debug|Any CPU.Build.0 = Debug|Any CPU
		{DD3E6F32-CA9C-4E54-BEC0-B86127C34023}.Release|Any CPU.ActiveCfg = Release|Any CPU
		{DD3E6F32-CA9C-4E54-BEC0-B86127C34023}.Release|Any CPU.Build.0 = Release|Any CPU
	EndGlobalSection
	GlobalSection(SolutionProperties) = preSolution
		HideSolutionNode = FALSE
	EndGlobalSection
	GlobalSection(ExtensibilityGlobals) = postSolution
		VisualSVNWorkingCopyRoot = .
	EndGlobalSection
EndGlobal
